
Microsoft Visual Studio Solution File, Format Version 12.00
# Visual Studio Version 17
VisualStudioVersion = 17.10.35013.160
MinimumVisualStudioVersion = 10.0.40219.1
Project("{FAE04EC0-301F-11D3-BF4B-00C04F79EFBC}") = "InsanKaynaklarıProje", "InsanKaynaklarıProje.csproj", "{09525B67-EF76-41FA-9F7A-9AD6722D1529}"
EndProject
Global
	GlobalSection(SolutionConfigurationPlatforms) = preSolution
		Debug|Any CPU = Debug|Any CPU
		Release|Any CPU = Release|Any CPU
	EndGlobalSection
	GlobalSection(ProjectConfigurationPlatforms) = postSolution
		{09525B67-EF76-41FA-9F7A-9AD6722D1529}.Debug|Any CPU.ActiveCfg = Debug|Any CPU
		{09525B67-EF76-41FA-9F7A-9AD6722D1529}.Debug|Any CPU.Build.0 = Debug|Any CPU
		{09525B67-EF76-41FA-9F7A-9AD6722D1529}.Release|Any CPU.ActiveCfg = Release|Any CPU
		{09525B67-EF76-41FA-9F7A-9AD6722D1529}.Release|Any CPU.Build.0 = Release|Any CPU
	EndGlobalSection
	GlobalSection(SolutionProperties) = preSolution
		HideSolutionNode = FALSE
	EndGlobalSection
	GlobalSection(ExtensibilityGlobals) = postSolution
		SolutionGuid = {9FA75FFF-097C-4E89-B199-DB594E860755}
	EndGlobalSection
EndGlobal
